// !$*UTF8*$!
{
	archiveVersion = 1;
	classes = {
	};
	objectVersion = 48;
	objects = {

/* Begin PBXBuildFile section */
		253D02EB63623F2F3A6188C6 /* Pods_UIImageSample.framework in Frameworks */ = {isa = PBXBuildFile; fileRef = 4196A9647E5123B5FEADC62E /* Pods_UIImageSample.framework */; };
		5B97EC039B41153EE3D9864F /* Pods_UIImageSampleTests.framework in Frameworks */ = {isa = PBXBuildFile; fileRef = 2098D8734C6466675A43E8F3 /* Pods_UIImageSampleTests.framework */; };
		63B136651FB049A800FA20B7 /* AppDelegate.swift in Sources */ = {isa = PBXBuildFile; fileRef = 63B136641FB049A800FA20B7 /* AppDelegate.swift */; };
		63B136671FB049A800FA20B7 /* ViewController.swift in Sources */ = {isa = PBXBuildFile; fileRef = 63B136661FB049A800FA20B7 /* ViewController.swift */; };
		63B1366A1FB049A800FA20B7 /* Main.storyboard in Resources */ = {isa = PBXBuildFile; fileRef = 63B136681FB049A800FA20B7 /* Main.storyboard */; };
		63B1366C1FB049A800FA20B7 /* Assets.xcassets in Resources */ = {isa = PBXBuildFile; fileRef = 63B1366B1FB049A800FA20B7 /* Assets.xcassets */; };
		63B1366F1FB049A800FA20B7 /* LaunchScreen.storyboard in Resources */ = {isa = PBXBuildFile; fileRef = 63B1366D1FB049A800FA20B7 /* LaunchScreen.storyboard */; };
		63B1367A1FB049A800FA20B7 /* UIImageSampleTests.swift in Sources */ = {isa = PBXBuildFile; fileRef = 63B136791FB049A800FA20B7 /* UIImageSampleTests.swift */; };
		63B136851FB049A800FA20B7 /* UIImageSampleUITests.swift in Sources */ = {isa = PBXBuildFile; fileRef = 63B136841FB049A800FA20B7 /* UIImageSampleUITests.swift */; };
		63B136931FB04A2E00FA20B7 /* CustomImageView.swift in Sources */ = {isa = PBXBuildFile; fileRef = 63B136921FB04A2E00FA20B7 /* CustomImageView.swift */; };
		B999574D74C4E848293BAD58 /* Pods_UIImageSampleUITests.framework in Frameworks */ = {isa = PBXBuildFile; fileRef = 55A3F64DBF9457EB5C9A6014 /* Pods_UIImageSampleUITests.framework */; };
/* End PBXBuildFile section */

/* Begin PBXContainerItemProxy section */
		63B136761FB049A800FA20B7 /* PBXContainerItemProxy */ = {
			isa = PBXContainerItemProxy;
			containerPortal = 63B136591FB049A800FA20B7 /* Project object */;
			proxyType = 1;
			remoteGlobalIDString = 63B136601FB049A800FA20B7;
			remoteInfo = UIImageSample;
		};
		63B136811FB049A800FA20B7 /* PBXContainerItemProxy */ = {
			isa = PBXContainerItemProxy;
			containerPortal = 63B136591FB049A800FA20B7 /* Project object */;
			proxyType = 1;
			remoteGlobalIDString = 63B136601FB049A800FA20B7;
			remoteInfo = UIImageSample;
		};
/* End PBXContainerItemProxy section */

/* Begin PBXFileReference section */
		2098D8734C6466675A43E8F3 /* Pods_UIImageSampleTests.framework */ = {isa = PBXFileReference; explicitFileType = wrapper.framework; includeInIndex = 0; path = Pods_UIImageSampleTests.framework; sourceTree = BUILT_PRODUCTS_DIR; };
		4196A9647E5123B5FEADC62E /* Pods_UIImageSample.framework */ = {isa = PBXFileReference; explicitFileType = wrapper.framework; includeInIndex = 0; path = Pods_UIImageSample.framework; sourceTree = BUILT_PRODUCTS_DIR; };
		55A3F64DBF9457EB5C9A6014 /* Pods_UIImageSampleUITests.framework */ = {isa = PBXFileReference; explicitFileType = wrapper.framework; includeInIndex = 0; path = Pods_UIImageSampleUITests.framework; sourceTree = BUILT_PRODUCTS_DIR; };
		5D6E4BB239155EFA0E3DA05F /* Pods-UIImageSampleUITests.release.xcconfig */ = {isa = PBXFileReference; includeInIndex = 1; lastKnownFileType = text.xcconfig; name = "Pods-UIImageSampleUITests.release.xcconfig"; path = "Pods/Target Support Files/Pods-UIImageSampleUITests/Pods-UIImageSampleUITests.release.xcconfig"; sourceTree = "<group>"; };
		63B136611FB049A800FA20B7 /* UIImageSample.app */ = {isa = PBXFileReference; explicitFileType = wrapper.application; includeInIndex = 0; path = UIImageSample.app; sourceTree = BUILT_PRODUCTS_DIR; };
		63B136641FB049A800FA20B7 /* AppDelegate.swift */ = {isa = PBXFileReference; lastKnownFileType = sourcecode.swift; path = AppDelegate.swift; sourceTree = "<group>"; };
		63B136661FB049A800FA20B7 /* ViewController.swift */ = {isa = PBXFileReference; lastKnownFileType = sourcecode.swift; path = ViewController.swift; sourceTree = "<group>"; };
		63B136691FB049A800FA20B7 /* Base */ = {isa = PBXFileReference; lastKnownFileType = file.storyboard; name = Base; path = Base.lproj/Main.storyboard; sourceTree = "<group>"; };
		63B1366B1FB049A800FA20B7 /* Assets.xcassets */ = {isa = PBXFileReference; lastKnownFileType = folder.assetcatalog; path = Assets.xcassets; sourceTree = "<group>"; };
		63B1366E1FB049A800FA20B7 /* Base */ = {isa = PBXFileReference; lastKnownFileType = file.storyboard; name = Base; path = Base.lproj/LaunchScreen.storyboard; sourceTree = "<group>"; };
		63B136701FB049A800FA20B7 /* Info.plist */ = {isa = PBXFileReference; lastKnownFileType = text.plist.xml; path = Info.plist; sourceTree = "<group>"; };
		63B136751FB049A800FA20B7 /* UIImageSampleTests.xctest */ = {isa = PBXFileReference; explicitFileType = wrapper.cfbundle; includeInIndex = 0; path = UIImageSampleTests.xctest; sourceTree = BUILT_PRODUCTS_DIR; };
		63B136791FB049A800FA20B7 /* UIImageSampleTests.swift */ = {isa = PBXFileReference; lastKnownFileType = sourcecode.swift; path = UIImageSampleTests.swift; sourceTree = "<group>"; };
		63B1367B1FB049A800FA20B7 /* Info.plist */ = {isa = PBXFileReference; lastKnownFileType = text.plist.xml; path = Info.plist; sourceTree = "<group>"; };
		63B136801FB049A800FA20B7 /* UIImageSampleUITests.xctest */ = {isa = PBXFileReference; explicitFileType = wrapper.cfbundle; includeInIndex = 0; path = UIImageSampleUITests.xctest; sourceTree = BUILT_PRODUCTS_DIR; };
		63B136841FB049A800FA20B7 /* UIImageSampleUITests.swift */ = {isa = PBXFileReference; lastKnownFileType = sourcecode.swift; path = UIImageSampleUITests.swift; sourceTree = "<group>"; };
		63B136861FB049A800FA20B7 /* Info.plist */ = {isa = PBXFileReference; lastKnownFileType = text.plist.xml; path = Info.plist; sourceTree = "<group>"; };
		63B136921FB04A2E00FA20B7 /* CustomImageView.swift */ = {isa = PBXFileReference; lastKnownFileType = sourcecode.swift; path = CustomImageView.swift; sourceTree = "<group>"; };
		8CBF495F6F024AA59BC2A0E5 /* Pods-UIImageSample.debug.xcconfig */ = {isa = PBXFileReference; includeInIndex = 1; lastKnownFileType = text.xcconfig; name = "Pods-UIImageSample.debug.xcconfig"; path = "Pods/Target Support Files/Pods-UIImageSample/Pods-UIImageSample.debug.xcconfig"; sourceTree = "<group>"; };
		966C5DB07E397DBF595ECCA6 /* Pods-UIImageSample.release.xcconfig */ = {isa = PBXFileReference; includeInIndex = 1; lastKnownFileType = text.xcconfig; name = "Pods-UIImageSample.release.xcconfig"; path = "Pods/Target Support Files/Pods-UIImageSample/Pods-UIImageSample.release.xcconfig"; sourceTree = "<group>"; };
		9AB5B04B4F5051A8575791F0 /* Pods-UIImageSampleTests.release.xcconfig */ = {isa = PBXFileReference; includeInIndex = 1; lastKnownFileType = text.xcconfig; name = "Pods-UIImageSampleTests.release.xcconfig"; path = "Pods/Target Support Files/Pods-UIImageSampleTests/Pods-UIImageSampleTests.release.xcconfig"; sourceTree = "<group>"; };
		9B9D72341D5790EA179CBF5A /* Pods-UIImageSampleTests.debug.xcconfig */ = {isa = PBXFileReference; includeInIndex = 1; lastKnownFileType = text.xcconfig; name = "Pods-UIImageSampleTests.debug.xcconfig"; path = "Pods/Target Support Files/Pods-UIImageSampleTests/Pods-UIImageSampleTests.debug.xcconfig"; sourceTree = "<group>"; };
		D278ABC350E524C63DFDCD31 /* Pods-UIImageSampleUITests.debug.xcconfig */ = {isa = PBXFileReference; includeInIndex = 1; lastKnownFileType = text.xcconfig; name = "Pods-UIImageSampleUITests.debug.xcconfig"; path = "Pods/Target Support Files/Pods-UIImageSampleUITests/Pods-UIImageSampleUITests.debug.xcconfig"; sourceTree = "<group>"; };
/* End PBXFileReference section */

/* Begin PBXFrameworksBuildPhase section */
		63B1365E1FB049A800FA20B7 /* Frameworks */ = {
			isa = PBXFrameworksBuildPhase;
			buildActionMask = 2147483647;
			files = (
				253D02EB63623F2F3A6188C6 /* Pods_UIImageSample.framework in Frameworks */,
			);
			runOnlyForDeploymentPostprocessing = 0;
		};
		63B136721FB049A800FA20B7 /* Frameworks */ = {
			isa = PBXFrameworksBuildPhase;
			buildActionMask = 2147483647;
			files = (
				5B97EC039B41153EE3D9864F /* Pods_UIImageSampleTests.framework in Frameworks */,
			);
			runOnlyForDeploymentPostprocessing = 0;
		};
		63B1367D1FB049A800FA20B7 /* Frameworks */ = {
			isa = PBXFrameworksBuildPhase;
			buildActionMask = 2147483647;
			files = (
				B999574D74C4E848293BAD58 /* Pods_UIImageSampleUITests.framework in Frameworks */,
			);
			runOnlyForDeploymentPostprocessing = 0;
		};
/* End PBXFrameworksBuildPhase section */

/* Begin PBXGroup section */
		25D313D7A31DEBB00E8809E6 /* Frameworks */ = {
			isa = PBXGroup;
			children = (
				4196A9647E5123B5FEADC62E /* Pods_UIImageSample.framework */,
				2098D8734C6466675A43E8F3 /* Pods_UIImageSampleTests.framework */,
				55A3F64DBF9457EB5C9A6014 /* Pods_UIImageSampleUITests.framework */,
			);
			name = Frameworks;
			sourceTree = "<group>";
		};
		433A0EC053A797E93F6733F6 /* Pods */ = {
			isa = PBXGroup;
			children = (
				8CBF495F6F024AA59BC2A0E5 /* Pods-UIImageSample.debug.xcconfig */,
				966C5DB07E397DBF595ECCA6 /* Pods-UIImageSample.release.xcconfig */,
				9B9D72341D5790EA179CBF5A /* Pods-UIImageSampleTests.debug.xcconfig */,
				9AB5B04B4F5051A8575791F0 /* Pods-UIImageSampleTests.release.xcconfig */,
				D278ABC350E524C63DFDCD31 /* Pods-UIImageSampleUITests.debug.xcconfig */,
				5D6E4BB239155EFA0E3DA05F /* Pods-UIImageSampleUITests.release.xcconfig */,
			);
			name = Pods;
			sourceTree = "<group>";
		};
		63B136581FB049A800FA20B7 = {
			isa = PBXGroup;
			children = (
				63B136631FB049A800FA20B7 /* UIImageSample */,
				63B136781FB049A800FA20B7 /* UIImageSampleTests */,
				63B136831FB049A800FA20B7 /* UIImageSampleUITests */,
				63B136621FB049A800FA20B7 /* Products */,
				433A0EC053A797E93F6733F6 /* Pods */,
				25D313D7A31DEBB00E8809E6 /* Frameworks */,
			);
			sourceTree = "<group>";
		};
		63B136621FB049A800FA20B7 /* Products */ = {
			isa = PBXGroup;
			children = (
				63B136611FB049A800FA20B7 /* UIImageSample.app */,
				63B136751FB049A800FA20B7 /* UIImageSampleTests.xctest */,
				63B136801FB049A800FA20B7 /* UIImageSampleUITests.xctest */,
			);
			name = Products;
			sourceTree = "<group>";
		};
		63B136631FB049A800FA20B7 /* UIImageSample */ = {
			isa = PBXGroup;
			children = (
				63B136641FB049A800FA20B7 /* AppDelegate.swift */,
				63B136661FB049A800FA20B7 /* ViewController.swift */,
				63B136921FB04A2E00FA20B7 /* CustomImageView.swift */,
				63B136681FB049A800FA20B7 /* Main.storyboard */,
				63B1366B1FB049A800FA20B7 /* Assets.xcassets */,
				63B1366D1FB049A800FA20B7 /* LaunchScreen.storyboard */,
				63B136701FB049A800FA20B7 /* Info.plist */,
			);
			path = UIImageSample;
			sourceTree = "<group>";
		};
		63B136781FB049A800FA20B7 /* UIImageSampleTests */ = {
			isa = PBXGroup;
			children = (
				63B136791FB049A800FA20B7 /* UIImageSampleTests.swift */,
				63B1367B1FB049A800FA20B7 /* Info.plist */,
			);
			path = UIImageSampleTests;
			sourceTree = "<group>";
		};
		63B136831FB049A800FA20B7 /* UIImageSampleUITests */ = {
			isa = PBXGroup;
			children = (
				63B136841FB049A800FA20B7 /* UIImageSampleUITests.swift */,
				63B136861FB049A800FA20B7 /* Info.plist */,
			);
			path = UIImageSampleUITests;
			sourceTree = "<group>";
		};
/* End PBXGroup section */

/* Begin PBXNativeTarget section */
		63B136601FB049A800FA20B7 /* UIImageSample */ = {
			isa = PBXNativeTarget;
			buildConfigurationList = 63B136891FB049A800FA20B7 /* Build configuration list for PBXNativeTarget "UIImageSample" */;
			buildPhases = (
				8C1B10038C3B1A98C0F18941 /* [CP] Check Pods Manifest.lock */,
				63B1365D1FB049A800FA20B7 /* Sources */,
				63B1365E1FB049A800FA20B7 /* Frameworks */,
				63B1365F1FB049A800FA20B7 /* Resources */,
				A130779E6652C0F6311991A4 /* [CP] Embed Pods Frameworks */,
				6F92E6919EA198F515765349 /* [CP] Copy Pods Resources */,
			);
			buildRules = (
			);
			dependencies = (
			);
			name = UIImageSample;
			productName = UIImageSample;
			productReference = 63B136611FB049A800FA20B7 /* UIImageSample.app */;
			productType = "com.apple.product-type.application";
		};
		63B136741FB049A800FA20B7 /* UIImageSampleTests */ = {
			isa = PBXNativeTarget;
			buildConfigurationList = 63B1368C1FB049A800FA20B7 /* Build configuration list for PBXNativeTarget "UIImageSampleTests" */;
			buildPhases = (
				691ACF813343D951F15EB38C /* [CP] Check Pods Manifest.lock */,
				63B136711FB049A800FA20B7 /* Sources */,
				63B136721FB049A800FA20B7 /* Frameworks */,
				63B136731FB049A800FA20B7 /* Resources */,
				9F4BBA62C9FB8B80F4B6DBD5 /* [CP] Embed Pods Frameworks */,
				B2A588DFD855E301F5BBED56 /* [CP] Copy Pods Resources */,
			);
			buildRules = (
			);
			dependencies = (
				63B136771FB049A800FA20B7 /* PBXTargetDependency */,
			);
			name = UIImageSampleTests;
			productName = UIImageSampleTests;
			productReference = 63B136751FB049A800FA20B7 /* UIImageSampleTests.xctest */;
			productType = "com.apple.product-type.bundle.unit-test";
		};
		63B1367F1FB049A800FA20B7 /* UIImageSampleUITests */ = {
			isa = PBXNativeTarget;
			buildConfigurationList = 63B1368F1FB049A800FA20B7 /* Build configuration list for PBXNativeTarget "UIImageSampleUITests" */;
			buildPhases = (
				0EF2D1FB9D8835B16594A0B0 /* [CP] Check Pods Manifest.lock */,
				63B1367C1FB049A800FA20B7 /* Sources */,
				63B1367D1FB049A800FA20B7 /* Frameworks */,
				63B1367E1FB049A800FA20B7 /* Resources */,
				E500C0C6FD8DE96B5C7D26E4 /* [CP] Embed Pods Frameworks */,
				CC39A84660BE63F76054EE20 /* [CP] Copy Pods Resources */,
			);
			buildRules = (
			);
			dependencies = (
				63B136821FB049A800FA20B7 /* PBXTargetDependency */,
			);
			name = UIImageSampleUITests;
			productName = UIImageSampleUITests;
			productReference = 63B136801FB049A800FA20B7 /* UIImageSampleUITests.xctest */;
			productType = "com.apple.product-type.bundle.ui-testing";
		};
/* End PBXNativeTarget section */

/* Begin PBXProject section */
		63B136591FB049A800FA20B7 /* Project object */ = {
			isa = PBXProject;
			attributes = {
				LastSwiftUpdateCheck = 0910;
				LastUpgradeCheck = 0910;
				ORGANIZATIONNAME = TakahiroTsuchiya;
				TargetAttributes = {
					63B136601FB049A800FA20B7 = {
						CreatedOnToolsVersion = 9.1;
						ProvisioningStyle = Automatic;
					};
					63B136741FB049A800FA20B7 = {
						CreatedOnToolsVersion = 9.1;
						ProvisioningStyle = Automatic;
						TestTargetID = 63B136601FB049A800FA20B7;
					};
					63B1367F1FB049A800FA20B7 = {
						CreatedOnToolsVersion = 9.1;
						ProvisioningStyle = Automatic;
						TestTargetID = 63B136601FB049A800FA20B7;
					};
				};
			};
			buildConfigurationList = 63B1365C1FB049A800FA20B7 /* Build configuration list for PBXProject "UIImageSample" */;
			compatibilityVersion = "Xcode 8.0";
			developmentRegion = en;
			hasScannedForEncodings = 0;
			knownRegions = (
				en,
				Base,
			);
			mainGroup = 63B136581FB049A800FA20B7;
			productRefGroup = 63B136621FB049A800FA20B7 /* Products */;
			projectDirPath = "";
			projectRoot = "";
			targets = (
				63B136601FB049A800FA20B7 /* UIImageSample */,
				63B136741FB049A800FA20B7 /* UIImageSampleTests */,
				63B1367F1FB049A800FA20B7 /* UIImageSampleUITests */,
			);
		};
/* End PBXProject section */

/* Begin PBXResourcesBuildPhase section */
		63B1365F1FB049A800FA20B7 /* Resources */ = {
			isa = PBXResourcesBuildPhase;
			buildActionMask = 2147483647;
			files = (
				63B1366F1FB049A800FA20B7 /* LaunchScreen.storyboard in Resources */,
				63B1366C1FB049A800FA20B7 /* Assets.xcassets in Resources */,
				63B1366A1FB049A800FA20B7 /* Main.storyboard in Resources */,
			);
			runOnlyForDeploymentPostprocessing = 0;
		};
		63B136731FB049A800FA20B7 /* Resources */ = {
			isa = PBXResourcesBuildPhase;
			buildActionMask = 2147483647;
			files = (
			);
			runOnlyForDeploymentPostprocessing = 0;
		};
		63B1367E1FB049A800FA20B7 /* Resources */ = {
			isa = PBXResourcesBuildPhase;
			buildActionMask = 2147483647;
			files = (
			);
			runOnlyForDeploymentPostprocessing = 0;
		};
/* End PBXResourcesBuildPhase section */

/* Begin PBXShellScriptBuildPhase section */
		0EF2D1FB9D8835B16594A0B0 /* [CP] Check Pods Manifest.lock */ = {
			isa = PBXShellScriptBuildPhase;
			buildActionMask = 2147483647;
			files = (
			);
			inputPaths = (
				"${PODS_PODFILE_DIR_PATH}/Podfile.lock",
				"${PODS_ROOT}/Manifest.lock",
			);
			name = "[CP] Check Pods Manifest.lock";
			outputPaths = (
				"$(DERIVED_FILE_DIR)/Pods-UIImageSampleUITests-checkManifestLockResult.txt",
			);
			runOnlyForDeploymentPostprocessing = 0;
			shellPath = /bin/sh;
			shellScript = "diff \"${PODS_PODFILE_DIR_PATH}/Podfile.lock\" \"${PODS_ROOT}/Manifest.lock\" > /dev/null\nif [ $? != 0 ] ; then\n    # print error to STDERR\n    echo \"error: The sandbox is not in sync with the Podfile.lock. Run 'pod install' or update your CocoaPods installation.\" >&2\n    exit 1\nfi\n# This output is used by Xcode 'outputs' to avoid re-running this script phase.\necho \"SUCCESS\" > \"${SCRIPT_OUTPUT_FILE_0}\"\n";
			showEnvVarsInLog = 0;
		};
		691ACF813343D951F15EB38C /* [CP] Check Pods Manifest.lock */ = {
			isa = PBXShellScriptBuildPhase;
			buildActionMask = 2147483647;
			files = (
			);
			inputPaths = (
				"${PODS_PODFILE_DIR_PATH}/Podfile.lock",
				"${PODS_ROOT}/Manifest.lock",
			);
			name = "[CP] Check Pods Manifest.lock";
			outputPaths = (
				"$(DERIVED_FILE_DIR)/Pods-UIImageSampleTests-checkManifestLockResult.txt",
			);
			runOnlyForDeploymentPostprocessing = 0;
			shellPath = /bin/sh;
			shellScript = "diff \"${PODS_PODFILE_DIR_PATH}/Podfile.lock\" \"${PODS_ROOT}/Manifest.lock\" > /dev/null\nif [ $? != 0 ] ; then\n    # print error to STDERR\n    echo \"error: The sandbox is not in sync with the Podfile.lock. Run 'pod install' or update your CocoaPods installation.\" >&2\n    exit 1\nfi\n# This output is used by Xcode 'outputs' to avoid re-running this script phase.\necho \"SUCCESS\" > \"${SCRIPT_OUTPUT_FILE_0}\"\n";
			showEnvVarsInLog = 0;
		};
		6F92E6919EA198F515765349 /* [CP] Copy Pods Resources */ = {
			isa = PBXShellScriptBuildPhase;
			buildActionMask = 2147483647;
			files = (
			);
			inputPaths = (
			);
			name = "[CP] Copy Pods Resources";
			outputPaths = (
			);
			runOnlyForDeploymentPostprocessing = 0;
			shellPath = /bin/sh;
			shellScript = "\"${SRCROOT}/Pods/Target Support Files/Pods-UIImageSample/Pods-UIImageSample-resources.sh\"\n";
			showEnvVarsInLog = 0;
		};
		8C1B10038C3B1A98C0F18941 /* [CP] Check Pods Manifest.lock */ = {
			isa = PBXShellScriptBuildPhase;
			buildActionMask = 2147483647;
			files = (
			);
			inputPaths = (
				"${PODS_PODFILE_DIR_PATH}/Podfile.lock",
				"${PODS_ROOT}/Manifest.lock",
			);
			name = "[CP] Check Pods Manifest.lock";
			outputPaths = (
				"$(DERIVED_FILE_DIR)/Pods-UIImageSample-checkManifestLockResult.txt",
			);
			runOnlyForDeploymentPostprocessing = 0;
			shellPath = /bin/sh;
			shellScript = "diff \"${PODS_PODFILE_DIR_PATH}/Podfile.lock\" \"${PODS_ROOT}/Manifest.lock\" > /dev/null\nif [ $? != 0 ] ; then\n    # print error to STDERR\n    echo \"error: The sandbox is not in sync with the Podfile.lock. Run 'pod install' or update your CocoaPods installation.\" >&2\n    exit 1\nfi\n# This output is used by Xcode 'outputs' to avoid re-running this script phase.\necho \"SUCCESS\" > \"${SCRIPT_OUTPUT_FILE_0}\"\n";
			showEnvVarsInLog = 0;
		};
		9F4BBA62C9FB8B80F4B6DBD5 /* [CP] Embed Pods Frameworks */ = {
			isa = PBXShellScriptBuildPhase;
			buildActionMask = 2147483647;
			files = (
			);
			inputPaths = (
			);
			name = "[CP] Embed Pods Frameworks";
			outputPaths = (
			);
			runOnlyForDeploymentPostprocessing = 0;
			shellPath = /bin/sh;
			shellScript = "\"${SRCROOT}/Pods/Target Support Files/Pods-UIImageSampleTests/Pods-UIImageSampleTests-frameworks.sh\"\n";
			showEnvVarsInLog = 0;
		};
		A130779E6652C0F6311991A4 /* [CP] Embed Pods Frameworks */ = {
			isa = PBXShellScriptBuildPhase;
			buildActionMask = 2147483647;
			files = (
			);
			inputPaths = (
				"${SRCROOT}/Pods/Target Support Files/Pods-UIImageSample/Pods-UIImageSample-frameworks.sh",
				"${BUILT_PRODUCTS_DIR}/Alamofire/Alamofire.framework",
				"${BUILT_PRODUCTS_DIR}/AlamofireImage/AlamofireImage.framework",
			);
			name = "[CP] Embed Pods Frameworks";
			outputPaths = (
				"${TARGET_BUILD_DIR}/${FRAMEWORKS_FOLDER_PATH}/Alamofire.framework",
				"${TARGET_BUILD_DIR}/${FRAMEWORKS_FOLDER_PATH}/AlamofireImage.framework",
			);
			runOnlyForDeploymentPostprocessing = 0;
			shellPath = /bin/sh;
			shellScript = "\"${SRCROOT}/Pods/Target Support Files/Pods-UIImageSample/Pods-UIImageSample-frameworks.sh\"\n";
			showEnvVarsInLog = 0;
		};
		B2A588DFD855E301F5BBED56 /* [CP] Copy Pods Resources */ = {
			isa = PBXShellScriptBuildPhase;
			buildActionMask = 2147483647;
			files = (
			);
			inputPaths = (
			);
			name = "[CP] Copy Pods Resources";
			outputPaths = (
			);
			runOnlyForDeploymentPostprocessing = 0;
			shellPath = /bin/sh;
			shellScript = "\"${SRCROOT}/Pods/Target Support Files/Pods-UIImageSampleTests/Pods-UIImageSampleTests-resources.sh\"\n";
			showEnvVarsInLog = 0;
		};
		CC39A84660BE63F76054EE20 /* [CP] Copy Pods Resources */ = {
			isa = PBXShellScriptBuildPhase;
			buildActionMask = 2147483647;
			files = (
			);
			inputPaths = (
			);
			name = "[CP] Copy Pods Resources";
			outputPaths = (
			);
			runOnlyForDeploymentPostprocessing = 0;
			shellPath = /bin/sh;
			shellScript = "\"${SRCROOT}/Pods/Target Support Files/Pods-UIImageSampleUITests/Pods-UIImageSampleUITests-resources.sh\"\n";
			showEnvVarsInLog = 0;
		};
		E500C0C6FD8DE96B5C7D26E4 /* [CP] Embed Pods Frameworks */ = {
			isa = PBXShellScriptBuildPhase;
			buildActionMask = 2147483647;
			files = (
			);
			inputPaths = (
			);
			name = "[CP] Embed Pods Frameworks";
			outputPaths = (
			);
			runOnlyForDeploymentPostprocessing = 0;
			shellPath = /bin/sh;
			shellScript = "\"${SRCROOT}/Pods/Target Support Files/Pods-UIImageSampleUITests/Pods-UIImageSampleUITests-frameworks.sh\"\n";
			showEnvVarsInLog = 0;
		};
/* End PBXShellScriptBuildPhase section */

/* Begin PBXSourcesBuildPhase section */
		63B1365D1FB049A800FA20B7 /* Sources */ = {
			isa = PBXSourcesBuildPhase;
			buildActionMask = 2147483647;
			files = (
				63B136671FB049A800FA20B7 /* ViewController.swift in Sources */,
				63B136931FB04A2E00FA20B7 /* CustomImageView.swift in Sources */,
				63B136651FB049A800FA20B7 /* AppDelegate.swift in Sources */,
			);
			runOnlyForDeploymentPostprocessing = 0;
		};
		63B136711FB049A800FA20B7 /* Sources */ = {
			isa = PBXSourcesBuildPhase;
			buildActionMask = 2147483647;
			files = (
				63B1367A1FB049A800FA20B7 /* UIImageSampleTests.swift in Sources */,
			);
			runOnlyForDeploymentPostprocessing = 0;
		};
		63B1367C1FB049A800FA20B7 /* Sources */ = {
			isa = PBXSourcesBuildPhase;
			buildActionMask = 2147483647;
			files = (
				63B136851FB049A800FA20B7 /* UIImageSampleUITests.swift in Sources */,
			);
			runOnlyForDeploymentPostprocessing = 0;
		};
/* End PBXSourcesBuildPhase section */

/* Begin PBXTargetDependency section */
		63B136771FB049A800FA20B7 /* PBXTargetDependency */ = {
			isa = PBXTargetDependency;
			target = 63B136601FB049A800FA20B7 /* UIImageSample */;
			targetProxy = 63B136761FB049A800FA20B7 /* PBXContainerItemProxy */;
		};
		63B136821FB049A800FA20B7 /* PBXTargetDependency */ = {
			isa = PBXTargetDependency;
			target = 63B136601FB049A800FA20B7 /* UIImageSample */;
			targetProxy = 63B136811FB049A800FA20B7 /* PBXContainerItemProxy */;
		};
/* End PBXTargetDependency section */

/* Begin PBXVariantGroup section */
		63B136681FB049A800FA20B7 /* Main.storyboard */ = {
			isa = PBXVariantGroup;
			children = (
				63B136691FB049A800FA20B7 /* Base */,
			);
			name = Main.storyboard;
			sourceTree = "<group>";
		};
		63B1366D1FB049A800FA20B7 /* LaunchScreen.storyboard */ = {
			isa = PBXVariantGroup;
			children = (
				63B1366E1FB049A800FA20B7 /* Base */,
			);
			name = LaunchScreen.storyboard;
			sourceTree = "<group>";
		};
/* End PBXVariantGroup section */

/* Begin XCBuildConfiguration section */
		63B136871FB049A800FA20B7 /* Debug */ = {
			isa = XCBuildConfiguration;
			buildSettings = {
				ALWAYS_SEARCH_USER_PATHS = NO;
				CLANG_ANALYZER_NONNULL = YES;
				CLANG_ANALYZER_NUMBER_OBJECT_CONVERSION = YES_AGGRESSIVE;
				CLANG_CXX_LANGUAGE_STANDARD = "gnu++14";
				CLANG_CXX_LIBRARY = "libc++";
				CLANG_ENABLE_MODULES = YES;
				CLANG_ENABLE_OBJC_ARC = YES;
				CLANG_WARN_BLOCK_CAPTURE_AUTORELEASING = YES;
				CLANG_WARN_BOOL_CONVERSION = YES;
				CLANG_WARN_COMMA = YES;
				CLANG_WARN_CONSTANT_CONVERSION = YES;
				CLANG_WARN_DIRECT_OBJC_ISA_USAGE = YES_ERROR;
				CLANG_WARN_DOCUMENTATION_COMMENTS = YES;
				CLANG_WARN_EMPTY_BODY = YES;
				CLANG_WARN_ENUM_CONVERSION = YES;
				CLANG_WARN_INFINITE_RECURSION = YES;
				CLANG_WARN_INT_CONVERSION = YES;
				CLANG_WARN_NON_LITERAL_NULL_CONVERSION = YES;
				CLANG_WARN_OBJC_LITERAL_CONVERSION = YES;
				CLANG_WARN_OBJC_ROOT_CLASS = YES_ERROR;
				CLANG_WARN_RANGE_LOOP_ANALYSIS = YES;
				CLANG_WARN_STRICT_PROTOTYPES = YES;
				CLANG_WARN_SUSPICIOUS_MOVE = YES;
				CLANG_WARN_UNGUARDED_AVAILABILITY = YES_AGGRESSIVE;
				CLANG_WARN_UNREACHABLE_CODE = YES;
				CLANG_WARN__DUPLICATE_METHOD_MATCH = YES;
				CODE_SIGN_IDENTITY = "iPhone Developer";
				COPY_PHASE_STRIP = NO;
				DEBUG_INFORMATION_FORMAT = dwarf;
				ENABLE_STRICT_OBJC_MSGSEND = YES;
				ENABLE_TESTABILITY = YES;
				GCC_C_LANGUAGE_STANDARD = gnu11;
				GCC_DYNAMIC_NO_PIC = NO;
				GCC_NO_COMMON_BLOCKS = YES;
				GCC_OPTIMIZATION_LEVEL = 0;
				GCC_PREPROCESSOR_DEFINITIONS = (
					"DEBUG=1",
					"$(inherited)",
				);
				GCC_WARN_64_TO_32_BIT_CONVERSION = YES;
				GCC_WARN_ABOUT_RETURN_TYPE = YES_ERROR;
				GCC_WARN_UNDECLARED_SELECTOR = YES;
				GCC_WARN_UNINITIALIZED_AUTOS = YES_AGGRESSIVE;
				GCC_WARN_UNUSED_FUNCTION = YES;
				GCC_WARN_UNUSED_VARIABLE = YES;
				IPHONEOS_DEPLOYMENT_TARGET = 11.1;
				MTL_ENABLE_DEBUG_INFO = YES;
				ONLY_ACTIVE_ARCH = YES;
				SDKROOT = iphoneos;
				SWIFT_ACTIVE_COMPILATION_CONDITIONS = DEBUG;
				SWIFT_OPTIMIZATION_LEVEL = "-Onone";
			};
			name = Debug;
		};
		63B136881FB049A800FA20B7 /* Release */ = {
			isa = XCBuildConfiguration;
			buildSettings = {
				ALWAYS_SEARCH_USER_PATHS = NO;
				CLANG_ANALYZER_NONNULL = YES;
				CLANG_ANALYZER_NUMBER_OBJECT_CONVERSION = YES_AGGRESSIVE;
				CLANG_CXX_LANGUAGE_STANDARD = "gnu++14";
				CLANG_CXX_LIBRARY = "libc++";
				CLANG_ENABLE_MODULES = YES;
				CLANG_ENABLE_OBJC_ARC = YES;
				CLANG_WARN_BLOCK_CAPTURE_AUTORELEASING = YES;
				CLANG_WARN_BOOL_CONVERSION = YES;
				CLANG_WARN_COMMA = YES;
				CLANG_WARN_CONSTANT_CONVERSION = YES;
				CLANG_WARN_DIRECT_OBJC_ISA_USAGE = YES_ERROR;
				CLANG_WARN_DOCUMENTATION_COMMENTS = YES;
				CLANG_WARN_EMPTY_BODY = YES;
				CLANG_WARN_ENUM_CONVERSION = YES;
				CLANG_WARN_INFINITE_RECURSION = YES;
				CLANG_WARN_INT_CONVERSION = YES;
				CLANG_WARN_NON_LITERAL_NULL_CONVERSION = YES;
				CLANG_WARN_OBJC_LITERAL_CONVERSION = YES;
				CLANG_WARN_OBJC_ROOT_CLASS = YES_ERROR;
				CLANG_WARN_RANGE_LOOP_ANALYSIS = YES;
				CLANG_WARN_STRICT_PROTOTYPES = YES;
				CLANG_WARN_SUSPICIOUS_MOVE = YES;
				CLANG_WARN_UNGUARDED_AVAILABILITY = YES_AGGRESSIVE;
				CLANG_WARN_UNREACHABLE_CODE = YES;
				CLANG_WARN__DUPLICATE_METHOD_MATCH = YES;
				CODE_SIGN_IDENTITY = "iPhone Developer";
				COPY_PHASE_STRIP = NO;
				DEBUG_INFORMATION_FORMAT = "dwarf-with-dsym";
				ENABLE_NS_ASSERTIONS = NO;
				ENABLE_STRICT_OBJC_MSGSEND = YES;
				GCC_C_LANGUAGE_STANDARD = gnu11;
				GCC_NO_COMMON_BLOCKS = YES;
				GCC_WARN_64_TO_32_BIT_CONVERSION = YES;
				GCC_WARN_ABOUT_RETURN_TYPE = YES_ERROR;
				GCC_WARN_UNDECLARED_SELECTOR = YES;
				GCC_WARN_UNINITIALIZED_AUTOS = YES_AGGRESSIVE;
				GCC_WARN_UNUSED_FUNCTION = YES;
				GCC_WARN_UNUSED_VARIABLE = YES;
				IPHONEOS_DEPLOYMENT_TARGET = 11.1;
				MTL_ENABLE_DEBUG_INFO = NO;
				SDKROOT = iphoneos;
				SWIFT_OPTIMIZATION_LEVEL = "-Owholemodule";
				VALIDATE_PRODUCT = YES;
			};
			name = Release;
		};
		63B1368A1FB049A800FA20B7 /* Debug */ = {
			isa = XCBuildConfiguration;
			baseConfigurationReference = 8CBF495F6F024AA59BC2A0E5 /* Pods-UIImageSample.debug.xcconfig */;
			buildSettings = {
				ASSETCATALOG_COMPILER_APPICON_NAME = AppIcon;
				CODE_SIGN_STYLE = Automatic;
				INFOPLIST_FILE = UIImageSample/Info.plist;
				LD_RUNPATH_SEARCH_PATHS = "$(inherited) @executable_path/Frameworks";
				PRODUCT_BUNDLE_IDENTIFIER = com.example.UIImageSample;
				PRODUCT_NAME = "$(TARGET_NAME)";
				SWIFT_VERSION = 4.0;
				TARGETED_DEVICE_FAMILY = "1,2";
			};
			name = Debug;
		};
		63B1368B1FB049A800FA20B7 /* Release */ = {
			isa = XCBuildConfiguration;
			baseConfigurationReference = 966C5DB07E397DBF595ECCA6 /* Pods-UIImageSample.release.xcconfig */;
			buildSettings = {
				ASSETCATALOG_COMPILER_APPICON_NAME = AppIcon;
				CODE_SIGN_STYLE = Automatic;
				INFOPLIST_FILE = UIImageSample/Info.plist;
				LD_RUNPATH_SEARCH_PATHS = "$(inherited) @executable_path/Frameworks";
				PRODUCT_BUNDLE_IDENTIFIER = com.example.UIImageSample;
				PRODUCT_NAME = "$(TARGET_NAME)";
				SWIFT_VERSION = 4.0;
				TARGETED_DEVICE_FAMILY = "1,2";
			};
			name = Release;
		};
		63B1368D1FB049A800FA20B7 /* Debug */ = {
			isa = XCBuildConfiguration;
			baseConfigurationReference = 9B9D72341D5790EA179CBF5A /* Pods-UIImageSampleTests.debug.xcconfig */;
			buildSettings = {
				ALWAYS_EMBED_SWIFT_STANDARD_LIBRARIES = YES;
				BUNDLE_LOADER = "$(TEST_HOST)";
				CODE_SIGN_STYLE = Automatic;
				INFOPLIST_FILE = UIImageSampleTests/Info.plist;
				LD_RUNPATH_SEARCH_PATHS = "$(inherited) @executable_path/Frameworks @loader_path/Frameworks";
				PRODUCT_BUNDLE_IDENTIFIER = com.example.UIImageSampleTests;
				PRODUCT_NAME = "$(TARGET_NAME)";
				SWIFT_VERSION = 4.0;
				TARGETED_DEVICE_FAMILY = "1,2";
				TEST_HOST = "$(BUILT_PRODUCTS_DIR)/UIImageSample.app/UIImageSample";
			};
			name = Debug;
		};
		63B1368E1FB049A800FA20B7 /* Release */ = {
			isa = XCBuildConfiguration;
			baseConfigurationReference = 9AB5B04B4F5051A8575791F0 /* Pods-UIImageSampleTests.release.xcconfig */;
			buildSettings = {
				ALWAYS_EMBED_SWIFT_STANDARD_LIBRARIES = YES;
				BUNDLE_LOADER = "$(TEST_HOST)";
				CODE_SIGN_STYLE = Automatic;
				INFOPLIST_FILE = UIImageSampleTests/Info.plist;
				LD_RUNPATH_SEARCH_PATHS = "$(inherited) @executable_path/Frameworks @loader_path/Frameworks";
				PRODUCT_BUNDLE_IDENTIFIER = com.example.UIImageSampleTests;
				PRODUCT_NAME = "$(TARGET_NAME)";
				SWIFT_VERSION = 4.0;
				TARGETED_DEVICE_FAMILY = "1,2";
				TEST_HOST = "$(BUILT_PRODUCTS_DIR)/UIImageSample.app/UIImageSample";
			};
			name = Release;
		};
		63B136901FB049A800FA20B7 /* Debug */ = {
			isa = XCBuildConfiguration;
			baseConfigurationReference = D278ABC350E524C63DFDCD31 /* Pods-UIImageSampleUITests.debug.xcconfig */;
			buildSettings = {
				ALWAYS_EMBED_SWIFT_STANDARD_LIBRARIES = YES;
				CODE_SIGN_STYLE = Automatic;
				INFOPLIST_FILE = UIImageSampleUITests/Info.plist;
				LD_RUNPATH_SEARCH_PATHS = "$(inherited) @executable_path/Frameworks @loader_path/Frameworks";
				PRODUCT_BUNDLE_IDENTIFIER = com.example.UIImageSampleUITests;
				PRODUCT_NAME = "$(TARGET_NAME)";
				SWIFT_VERSION = 4.0;
				TARGETED_DEVICE_FAMILY = "1,2";
				TEST_TARGET_NAME = UIImageSample;
			};
			name = Debug;
		};
		63B136911FB049A800FA20B7 /* Release */ = {
			isa = XCBuildConfiguration;
			baseConfigurationReference = 5D6E4BB239155EFA0E3DA05F /* Pods-UIImageSampleUITests.release.xcconfig */;
			buildSettings = {
				ALWAYS_EMBED_SWIFT_STANDARD_LIBRARIES = YES;
				CODE_SIGN_STYLE = Automatic;
				INFOPLIST_FILE = UIImageSampleUITests/Info.plist;
				LD_RUNPATH_SEARCH_PATHS = "$(inherited) @executable_path/Frameworks @loader_path/Frameworks";
				PRODUCT_BUNDLE_IDENTIFIER = com.example.UIImageSampleUITests;
				PRODUCT_NAME = "$(TARGET_NAME)";
				SWIFT_VERSION = 4.0;
				TARGETED_DEVICE_FAMILY = "1,2";
				TEST_TARGET_NAME = UIImageSample;
			};
			name = Release;
		};
/* End XCBuildConfiguration section */

/* Begin XCConfigurationList section */
		63B1365C1FB049A800FA20B7 /* Build configuration list for PBXProject "UIImageSample" */ = {
			isa = XCConfigurationList;
			buildConfigurations = (
				63B136871FB049A800FA20B7 /* Debug */,
				63B136881FB049A800FA20B7 /* Release */,
			);
			defaultConfigurationIsVisible = 0;
			defaultConfigurationName = Release;
		};
		63B136891FB049A800FA20B7 /* Build configuration list for PBXNativeTarget "UIImageSample" */ = {
			isa = XCConfigurationList;
			buildConfigurations = (
				63B1368A1FB049A800FA20B7 /* Debug */,
				63B1368B1FB049A800FA20B7 /* Release */,
			);
			defaultConfigurationIsVisible = 0;
			defaultConfigurationName = Release;
		};
		63B1368C1FB049A800FA20B7 /* Build configuration list for PBXNativeTarget "UIImageSampleTests" */ = {
			isa = XCConfigurationList;
			buildConfigurations = (
				63B1368D1FB049A800FA20B7 /* Debug */,
				63B1368E1FB049A800FA20B7 /* Release */,
			);
			defaultConfigurationIsVisible = 0;
			defaultConfigurationName = Release;
		};
		63B1368F1FB049A800FA20B7 /* Build configuration list for PBXNativeTarget "UIImageSampleUITests" */ = {
			isa = XCConfigurationList;
			buildConfigurations = (
				63B136901FB049A800FA20B7 /* Debug */,
				63B136911FB049A800FA20B7 /* Release */,
			);
			defaultConfigurationIsVisible = 0;
			defaultConfigurationName = Release;
		};
/* End XCConfigurationList section */
	};
	rootObject = 63B136591FB049A800FA20B7 /* Project object */;
}
